
Microsoft Visual Studio Solution File, Format Version 12.00
# Visual Studio 2013
VisualStudioVersion = 12.0.40629.0
MinimumVisualStudioVersion = 10.0.40219.1
Project("{FAE04EC0-301F-11D3-BF4B-00C04F79EFBC}") = "Taller.Estacionamiento", "Taller.Estacionamiento\Taller.Estacionamiento.csproj", "{8185D6AF-5817-4E25-B477-1D13B931B526}"
EndProject
Global
	GlobalSection(SolutionConfigurationPlatforms) = preSolution
		Debug|Any CPU = Debug|Any CPU
		Release|Any CPU = Release|Any CPU
	EndGlobalSection
	GlobalSection(ProjectConfigurationPlatforms) = postSolution
		{8185D6AF-5817-4E25-B477-1D13B931B526}.Debug|Any CPU.ActiveCfg = Debug|Any CPU
		{8185D6AF-5817-4E25-B477-1D13B931B526}.Debug|Any CPU.Build.0 = Debug|Any CPU
		{8185D6AF-5817-4E25-B477-1D13B931B526}.Release|Any CPU.ActiveCfg = Release|Any CPU
		{8185D6AF-5817-4E25-B477-1D13B931B526}.Release|Any CPU.Build.0 = Release|Any CPU
	EndGlobalSection
	GlobalSection(SolutionProperties) = preSolution
		HideSolutionNode = FALSE
	EndGlobalSection
EndGlobal
